Microsoft Visual Studio Solution File, Format Version 12.00
# Visual Studio Version 17
VisualStudioVersion = 17.5.2.0
MinimumVisualStudioVersion = 10.0.40219.1
Project("{FAE04EC0-301F-11D3-BF4B-00C04F79EFBC}") = "session25", "session25.csproj", "{70601376-046A-6051-81F7-CAB722A16D5B}"
EndProject
Global
	GlobalSection(SolutionConfigurationPlatforms) = preSolution
		Debug|Any CPU = Debug|Any CPU
		Release|Any CPU = Release|Any CPU
	EndGlobalSection
	GlobalSection(ProjectConfigurationPlatforms) = postSolution
		{70601376-046A-6051-81F7-CAB722A16D5B}.Debug|Any CPU.ActiveCfg = Debug|Any CPU
		{70601376-046A-6051-81F7-CAB722A16D5B}.Debug|Any CPU.Build.0 = Debug|Any CPU
		{70601376-046A-6051-81F7-CAB722A16D5B}.Release|Any CPU.ActiveCfg = Release|Any CPU
		{70601376-046A-6051-81F7-CAB722A16D5B}.Release|Any CPU.Build.0 = Release|Any CPU
	EndGlobalSection
	GlobalSection(SolutionProperties) = preSolution
		HideSolutionNode = FALSE
	EndGlobalSection
	GlobalSection(ExtensibilityGlobals) = postSolution
		SolutionGuid = {9499D9D7-DCA6-4EE6-8E25-3F4DFBDD1785}
	EndGlobalSection
EndGlobal
