Microsoft Visual Studio Solution File, Format Version 12.00
# Visual Studio Version 17
VisualStudioVersion = 17.5.2.0
MinimumVisualStudioVersion = 10.0.40219.1
Project("{FAE04EC0-301F-11D3-BF4B-00C04F79EFBC}") = "session26_validation_component_razor", "session26_validation_component_razor.csproj", "{378DDF4A-E708-49F3-B5F5-2FCB5B904933}"
EndProject
Global
	GlobalSection(SolutionConfigurationPlatforms) = preSolution
		Debug|Any CPU = Debug|Any CPU
		Release|Any CPU = Release|Any CPU
	EndGlobalSection
	GlobalSection(ProjectConfigurationPlatforms) = postSolution
		{378DDF4A-E708-49F3-B5F5-2FCB5B904933}.Debug|Any CPU.ActiveCfg = Debug|Any CPU
		{378DDF4A-E708-49F3-B5F5-2FCB5B904933}.Debug|Any CPU.Build.0 = Debug|Any CPU
		{378DDF4A-E708-49F3-B5F5-2FCB5B904933}.Release|Any CPU.ActiveCfg = Release|Any CPU
		{378DDF4A-E708-49F3-B5F5-2FCB5B904933}.Release|Any CPU.Build.0 = Release|Any CPU
	EndGlobalSection
	GlobalSection(SolutionProperties) = preSolution
		HideSolutionNode = FALSE
	EndGlobalSection
	GlobalSection(ExtensibilityGlobals) = postSolution
		SolutionGuid = {59115BEE-AE79-4D63-893A-6DD4C56A9F17}
	EndGlobalSection
EndGlobal
