
Microsoft Visual Studio Solution File, Format Version 12.00
# Visual Studio Version 17
VisualStudioVersion = 17.5.002.0
MinimumVisualStudioVersion = 10.0.40219.1
Project("{9A19103F-16F7-4668-BE54-9A1E7A4F7556}") = "session2", "session2\session2.csproj", "{EF2C67BD-F41A-4B85-A77C-4224EE849029}"
EndProject
Project("{FAE04EC0-301F-11D3-BF4B-00C04F79EFBC}") = "session3", "session3\session3.csproj", "{EFD73533-C330-4AFC-9D47-D6CCE319EE7B}"
EndProject
Project("{FAE04EC0-301F-11D3-BF4B-00C04F79EFBC}") = "exercise-session2", "exercise-session2\exercise-session2.csproj", "{09AEC929-341D-43E5-80B5-297C074146EA}"
EndProject
Project("{FAE04EC0-301F-11D3-BF4B-00C04F79EFBC}") = "session4", "session4\session4.csproj", "{61F95830-E9DC-4606-B11B-ABE1F00376AC}"
EndProject
Project("{FAE04EC0-301F-11D3-BF4B-00C04F79EFBC}") = "test-session4", "test-session4\test-session4.csproj", "{4F07AC46-66DF-4A54-8EC1-0A702D0B5141}"
EndProject
Project("{FAE04EC0-301F-11D3-BF4B-00C04F79EFBC}") = "session5", "session5\session5.csproj", "{4F87ACD9-8DE3-461C-8536-D1A14D1EE8E6}"
EndProject
Project("{FAE04EC0-301F-11D3-BF4B-00C04F79EFBC}") = "session6", "session6\session6.csproj", "{AB944584-3443-4A84-AF60-A7F97FF7138D}"
EndProject
Project("{FAE04EC0-301F-11D3-BF4B-00C04F79EFBC}") = "exercise-session8", "exercise-session8\exercise-session8.csproj", "{2E6A5D29-92A3-4221-AD93-13BA9B5A94B2}"
EndProject
Project("{FAE04EC0-301F-11D3-BF4B-00C04F79EFBC}") = "session7", "session7\session7.csproj", "{59718797-2AC0-4CC8-B8B8-322A9785A216}"
EndProject
Global
	GlobalSection(SolutionConfigurationPlatforms) = preSolution
		Debug|Any CPU = Debug|Any CPU
		Release|Any CPU = Release|Any CPU
	EndGlobalSection
	GlobalSection(ProjectConfigurationPlatforms) = postSolution
		{EF2C67BD-F41A-4B85-A77C-4224EE849029}.Debug|Any CPU.ActiveCfg = Debug|Any CPU
		{EF2C67BD-F41A-4B85-A77C-4224EE849029}.Debug|Any CPU.Build.0 = Debug|Any CPU
		{EF2C67BD-F41A-4B85-A77C-4224EE849029}.Release|Any CPU.ActiveCfg = Release|Any CPU
		{EF2C67BD-F41A-4B85-A77C-4224EE849029}.Release|Any CPU.Build.0 = Release|Any CPU
		{EFD73533-C330-4AFC-9D47-D6CCE319EE7B}.Debug|Any CPU.ActiveCfg = Debug|Any CPU
		{EFD73533-C330-4AFC-9D47-D6CCE319EE7B}.Debug|Any CPU.Build.0 = Debug|Any CPU
		{EFD73533-C330-4AFC-9D47-D6CCE319EE7B}.Release|Any CPU.ActiveCfg = Release|Any CPU
		{EFD73533-C330-4AFC-9D47-D6CCE319EE7B}.Release|Any CPU.Build.0 = Release|Any CPU
		{09AEC929-341D-43E5-80B5-297C074146EA}.Debug|Any CPU.ActiveCfg = Debug|Any CPU
		{09AEC929-341D-43E5-80B5-297C074146EA}.Debug|Any CPU.Build.0 = Debug|Any CPU
		{09AEC929-341D-43E5-80B5-297C074146EA}.Release|Any CPU.ActiveCfg = Release|Any CPU
		{09AEC929-341D-43E5-80B5-297C074146EA}.Release|Any CPU.Build.0 = Release|Any CPU
		{61F95830-E9DC-4606-B11B-ABE1F00376AC}.Debug|Any CPU.ActiveCfg = Debug|Any CPU
		{61F95830-E9DC-4606-B11B-ABE1F00376AC}.Debug|Any CPU.Build.0 = Debug|Any CPU
		{61F95830-E9DC-4606-B11B-ABE1F00376AC}.Release|Any CPU.ActiveCfg = Release|Any CPU
		{61F95830-E9DC-4606-B11B-ABE1F00376AC}.Release|Any CPU.Build.0 = Release|Any CPU
		{4F07AC46-66DF-4A54-8EC1-0A702D0B5141}.Debug|Any CPU.ActiveCfg = Debug|Any CPU
		{4F07AC46-66DF-4A54-8EC1-0A702D0B5141}.Debug|Any CPU.Build.0 = Debug|Any CPU
		{4F07AC46-66DF-4A54-8EC1-0A702D0B5141}.Release|Any CPU.ActiveCfg = Release|Any CPU
		{4F07AC46-66DF-4A54-8EC1-0A702D0B5141}.Release|Any CPU.Build.0 = Release|Any CPU
		{4F87ACD9-8DE3-461C-8536-D1A14D1EE8E6}.Debug|Any CPU.ActiveCfg = Debug|Any CPU
		{4F87ACD9-8DE3-461C-8536-D1A14D1EE8E6}.Debug|Any CPU.Build.0 = Debug|Any CPU
		{4F87ACD9-8DE3-461C-8536-D1A14D1EE8E6}.Release|Any CPU.ActiveCfg = Release|Any CPU
		{4F87ACD9-8DE3-461C-8536-D1A14D1EE8E6}.Release|Any CPU.Build.0 = Release|Any CPU
		{AB944584-3443-4A84-AF60-A7F97FF7138D}.Debug|Any CPU.ActiveCfg = Debug|Any CPU
		{AB944584-3443-4A84-AF60-A7F97FF7138D}.Debug|Any CPU.Build.0 = Debug|Any CPU
		{AB944584-3443-4A84-AF60-A7F97FF7138D}.Release|Any CPU.ActiveCfg = Release|Any CPU
		{AB944584-3443-4A84-AF60-A7F97FF7138D}.Release|Any CPU.Build.0 = Release|Any CPU
		{2E6A5D29-92A3-4221-AD93-13BA9B5A94B2}.Debug|Any CPU.ActiveCfg = Debug|Any CPU
		{2E6A5D29-92A3-4221-AD93-13BA9B5A94B2}.Debug|Any CPU.Build.0 = Debug|Any CPU
		{2E6A5D29-92A3-4221-AD93-13BA9B5A94B2}.Release|Any CPU.ActiveCfg = Release|Any CPU
		{2E6A5D29-92A3-4221-AD93-13BA9B5A94B2}.Release|Any CPU.Build.0 = Release|Any CPU
		{59718797-2AC0-4CC8-B8B8-322A9785A216}.Debug|Any CPU.ActiveCfg = Debug|Any CPU
		{59718797-2AC0-4CC8-B8B8-322A9785A216}.Debug|Any CPU.Build.0 = Debug|Any CPU
		{59718797-2AC0-4CC8-B8B8-322A9785A216}.Release|Any CPU.ActiveCfg = Release|Any CPU
		{59718797-2AC0-4CC8-B8B8-322A9785A216}.Release|Any CPU.Build.0 = Release|Any CPU
	EndGlobalSection
	GlobalSection(SolutionProperties) = preSolution
		HideSolutionNode = FALSE
	EndGlobalSection
	GlobalSection(ExtensibilityGlobals) = postSolution
		SolutionGuid = {2A42E2DE-667E-49DA-A675-55821A4E0A05}
	EndGlobalSection
EndGlobal
