
Microsoft Visual Studio Solution File, Format Version 12.00
# Visual Studio Version 17
VisualStudioVersion = 17.5.002.0
MinimumVisualStudioVersion = 10.0.40219.1
Project("{9A19103F-16F7-4668-BE54-9A1E7A4F7556}") = "session2", "session2\session2.csproj", "{EF2C67BD-F41A-4B85-A77C-4224EE849029}"
EndProject
Project("{FAE04EC0-301F-11D3-BF4B-00C04F79EFBC}") = "session3", "session3\session3.csproj", "{EFD73533-C330-4AFC-9D47-D6CCE319EE7B}"
EndProject
Project("{FAE04EC0-301F-11D3-BF4B-00C04F79EFBC}") = "exercise-session2", "exercise-session2\exercise-session2.csproj", "{09AEC929-341D-43E5-80B5-297C074146EA}"
EndProject
Project("{FAE04EC0-301F-11D3-BF4B-00C04F79EFBC}") = "session4", "session4\session4.csproj", "{61F95830-E9DC-4606-B11B-ABE1F00376AC}"
EndProject
Project("{FAE04EC0-301F-11D3-BF4B-00C04F79EFBC}") = "test-session4", "test-session4\test-session4.csproj", "{4F07AC46-66DF-4A54-8EC1-0A702D0B5141}"
EndProject
Project("{FAE04EC0-301F-11D3-BF4B-00C04F79EFBC}") = "session5", "session5\session5.csproj", "{4F87ACD9-8DE3-461C-8536-D1A14D1EE8E6}"
EndProject
Project("{FAE04EC0-301F-11D3-BF4B-00C04F79EFBC}") = "session6", "session6\session6.csproj", "{AB944584-3443-4A84-AF60-A7F97FF7138D}"
EndProject
Project("{FAE04EC0-301F-11D3-BF4B-00C04F79EFBC}") = "exercise-session8", "exercise-session8\exercise-session8.csproj", "{2E6A5D29-92A3-4221-AD93-13BA9B5A94B2}"
EndProject
Project("{FAE04EC0-301F-11D3-BF4B-00C04F79EFBC}") = "session7", "session7\session7.csproj", "{59718797-2AC0-4CC8-B8B8-322A9785A216}"
EndProject
Project("{FAE04EC0-301F-11D3-BF4B-00C04F79EFBC}") = "session8", "session8\session8.csproj", "{A7F98579-5AFD-4D2D-8763-6C50CC0B9AEF}"
EndProject
Project("{FAE04EC0-301F-11D3-BF4B-00C04F79EFBC}") = "session-optional", "session-optional\session-optional.csproj", "{035FC32F-CA71-4A0D-9670-236F7BFD4A80}"
EndProject
Project("{FAE04EC0-301F-11D3-BF4B-00C04F79EFBC}") = "session9", "session9\session9.csproj", "{88607DBA-7F0F-4285-9291-D32D439DC17B}"
EndProject
Project("{FAE04EC0-301F-11D3-BF4B-00C04F79EFBC}") = "exercise-extra-session8", "exercise-extra-session8\exercise-extra-session8.csproj", "{D61E9617-299B-4C3E-95C6-6768B45023C4}"
EndProject
Project("{FAE04EC0-301F-11D3-BF4B-00C04F79EFBC}") = "session10", "session10\session10.csproj", "{F4403FD5-821B-4AA4-BEFF-388E188EDEE7}"
EndProject
Project("{FAE04EC0-301F-11D3-BF4B-00C04F79EFBC}") = "session11_baitap_oop", "session11_baitap_oop\session11_baitap_oop.csproj", "{D5391793-DACF-4B89-B414-7F737F33FAFD}"
EndProject
Project("{FAE04EC0-301F-11D3-BF4B-00C04F79EFBC}") = "session11_phudao_oop", "session11_phudao_oop\session11_phudao_oop.csproj", "{BB5CEBE8-2570-40D6-87B3-A3B82BF7AB05}"
EndProject
Project("{FAE04EC0-301F-11D3-BF4B-00C04F79EFBC}") = "session12_oop_donggoi", "session12_oop_donggoi\session12_oop_donggoi.csproj", "{19D9FE30-E8DA-42BF-BDAE-E35B7566CE93}"
EndProject
Project("{FAE04EC0-301F-11D3-BF4B-00C04F79EFBC}") = "exercise-session13", "exercise-session13\exercise-session13.csproj", "{AEF0984B-7827-4E92-93E7-0F62230A11AF}"
EndProject
Project("{FAE04EC0-301F-11D3-BF4B-00C04F79EFBC}") = "session13", "session13\session13.csproj", "{41FFB910-2C73-43E2-AC9D-A767FE1E4335}"
EndProject
Project("{FAE04EC0-301F-11D3-BF4B-00C04F79EFBC}") = "session14", "session14\session14.csproj", "{5BE91F83-B28C-44DF-A67F-EC86E4906E48}"
EndProject
Project("{FAE04EC0-301F-11D3-BF4B-00C04F79EFBC}") = "session15_oop_dahinh", "session15_oop_dahinh\session15_oop_dahinh.csproj", "{09EB955C-DB66-4931-8412-A6F6462B88C9}"
EndProject
Project("{FAE04EC0-301F-11D3-BF4B-00C04F79EFBC}") = "christmas", "christmas\christmas.csproj", "{49E0EC53-F960-49D2-A99B-78A00C19FDCC}"
EndProject
Project("{FAE04EC0-301F-11D3-BF4B-00C04F79EFBC}") = "exercise-session15.1", "exercise-session15.1\exercise-session15.1.csproj", "{240DC80C-C778-498C-8853-79941FAC1896}"
EndProject
Project("{FAE04EC0-301F-11D3-BF4B-00C04F79EFBC}") = "exercise-session15.2", "exercise-session15.2\exercise-session15.2.csproj", "{32A65F59-D2A0-410F-AF85-6FF34F455E3A}"
EndProject
Global
	GlobalSection(SolutionConfigurationPlatforms) = preSolution
		Debug|Any CPU = Debug|Any CPU
		Release|Any CPU = Release|Any CPU
	EndGlobalSection
	GlobalSection(ProjectConfigurationPlatforms) = postSolution
		{EF2C67BD-F41A-4B85-A77C-4224EE849029}.Debug|Any CPU.ActiveCfg = Debug|Any CPU
		{EF2C67BD-F41A-4B85-A77C-4224EE849029}.Debug|Any CPU.Build.0 = Debug|Any CPU
		{EF2C67BD-F41A-4B85-A77C-4224EE849029}.Release|Any CPU.ActiveCfg = Release|Any CPU
		{EF2C67BD-F41A-4B85-A77C-4224EE849029}.Release|Any CPU.Build.0 = Release|Any CPU
		{EFD73533-C330-4AFC-9D47-D6CCE319EE7B}.Debug|Any CPU.ActiveCfg = Debug|Any CPU
		{EFD73533-C330-4AFC-9D47-D6CCE319EE7B}.Debug|Any CPU.Build.0 = Debug|Any CPU
		{EFD73533-C330-4AFC-9D47-D6CCE319EE7B}.Release|Any CPU.ActiveCfg = Release|Any CPU
		{EFD73533-C330-4AFC-9D47-D6CCE319EE7B}.Release|Any CPU.Build.0 = Release|Any CPU
		{09AEC929-341D-43E5-80B5-297C074146EA}.Debug|Any CPU.ActiveCfg = Debug|Any CPU
		{09AEC929-341D-43E5-80B5-297C074146EA}.Debug|Any CPU.Build.0 = Debug|Any CPU
		{09AEC929-341D-43E5-80B5-297C074146EA}.Release|Any CPU.ActiveCfg = Release|Any CPU
		{09AEC929-341D-43E5-80B5-297C074146EA}.Release|Any CPU.Build.0 = Release|Any CPU
		{61F95830-E9DC-4606-B11B-ABE1F00376AC}.Debug|Any CPU.ActiveCfg = Debug|Any CPU
		{61F95830-E9DC-4606-B11B-ABE1F00376AC}.Debug|Any CPU.Build.0 = Debug|Any CPU
		{61F95830-E9DC-4606-B11B-ABE1F00376AC}.Release|Any CPU.ActiveCfg = Release|Any CPU
		{61F95830-E9DC-4606-B11B-ABE1F00376AC}.Release|Any CPU.Build.0 = Release|Any CPU
		{4F07AC46-66DF-4A54-8EC1-0A702D0B5141}.Debug|Any CPU.ActiveCfg = Debug|Any CPU
		{4F07AC46-66DF-4A54-8EC1-0A702D0B5141}.Debug|Any CPU.Build.0 = Debug|Any CPU
		{4F07AC46-66DF-4A54-8EC1-0A702D0B5141}.Release|Any CPU.ActiveCfg = Release|Any CPU
		{4F07AC46-66DF-4A54-8EC1-0A702D0B5141}.Release|Any CPU.Build.0 = Release|Any CPU
		{4F87ACD9-8DE3-461C-8536-D1A14D1EE8E6}.Debug|Any CPU.ActiveCfg = Debug|Any CPU
		{4F87ACD9-8DE3-461C-8536-D1A14D1EE8E6}.Debug|Any CPU.Build.0 = Debug|Any CPU
		{4F87ACD9-8DE3-461C-8536-D1A14D1EE8E6}.Release|Any CPU.ActiveCfg = Release|Any CPU
		{4F87ACD9-8DE3-461C-8536-D1A14D1EE8E6}.Release|Any CPU.Build.0 = Release|Any CPU
		{AB944584-3443-4A84-AF60-A7F97FF7138D}.Debug|Any CPU.ActiveCfg = Debug|Any CPU
		{AB944584-3443-4A84-AF60-A7F97FF7138D}.Debug|Any CPU.Build.0 = Debug|Any CPU
		{AB944584-3443-4A84-AF60-A7F97FF7138D}.Release|Any CPU.ActiveCfg = Release|Any CPU
		{AB944584-3443-4A84-AF60-A7F97FF7138D}.Release|Any CPU.Build.0 = Release|Any CPU
		{2E6A5D29-92A3-4221-AD93-13BA9B5A94B2}.Debug|Any CPU.ActiveCfg = Debug|Any CPU
		{2E6A5D29-92A3-4221-AD93-13BA9B5A94B2}.Debug|Any CPU.Build.0 = Debug|Any CPU
		{2E6A5D29-92A3-4221-AD93-13BA9B5A94B2}.Release|Any CPU.ActiveCfg = Release|Any CPU
		{2E6A5D29-92A3-4221-AD93-13BA9B5A94B2}.Release|Any CPU.Build.0 = Release|Any CPU
		{59718797-2AC0-4CC8-B8B8-322A9785A216}.Debug|Any CPU.ActiveCfg = Debug|Any CPU
		{59718797-2AC0-4CC8-B8B8-322A9785A216}.Debug|Any CPU.Build.0 = Debug|Any CPU
		{59718797-2AC0-4CC8-B8B8-322A9785A216}.Release|Any CPU.ActiveCfg = Release|Any CPU
		{59718797-2AC0-4CC8-B8B8-322A9785A216}.Release|Any CPU.Build.0 = Release|Any CPU
		{A7F98579-5AFD-4D2D-8763-6C50CC0B9AEF}.Debug|Any CPU.ActiveCfg = Debug|Any CPU
		{A7F98579-5AFD-4D2D-8763-6C50CC0B9AEF}.Debug|Any CPU.Build.0 = Debug|Any CPU
		{A7F98579-5AFD-4D2D-8763-6C50CC0B9AEF}.Release|Any CPU.ActiveCfg = Release|Any CPU
		{A7F98579-5AFD-4D2D-8763-6C50CC0B9AEF}.Release|Any CPU.Build.0 = Release|Any CPU
		{035FC32F-CA71-4A0D-9670-236F7BFD4A80}.Debug|Any CPU.ActiveCfg = Debug|Any CPU
		{035FC32F-CA71-4A0D-9670-236F7BFD4A80}.Debug|Any CPU.Build.0 = Debug|Any CPU
		{035FC32F-CA71-4A0D-9670-236F7BFD4A80}.Release|Any CPU.ActiveCfg = Release|Any CPU
		{035FC32F-CA71-4A0D-9670-236F7BFD4A80}.Release|Any CPU.Build.0 = Release|Any CPU
		{88607DBA-7F0F-4285-9291-D32D439DC17B}.Debug|Any CPU.ActiveCfg = Debug|Any CPU
		{88607DBA-7F0F-4285-9291-D32D439DC17B}.Debug|Any CPU.Build.0 = Debug|Any CPU
		{88607DBA-7F0F-4285-9291-D32D439DC17B}.Release|Any CPU.ActiveCfg = Release|Any CPU
		{88607DBA-7F0F-4285-9291-D32D439DC17B}.Release|Any CPU.Build.0 = Release|Any CPU
		{D61E9617-299B-4C3E-95C6-6768B45023C4}.Debug|Any CPU.ActiveCfg = Debug|Any CPU
		{D61E9617-299B-4C3E-95C6-6768B45023C4}.Debug|Any CPU.Build.0 = Debug|Any CPU
		{D61E9617-299B-4C3E-95C6-6768B45023C4}.Release|Any CPU.ActiveCfg = Release|Any CPU
		{D61E9617-299B-4C3E-95C6-6768B45023C4}.Release|Any CPU.Build.0 = Release|Any CPU
		{F4403FD5-821B-4AA4-BEFF-388E188EDEE7}.Debug|Any CPU.ActiveCfg = Debug|Any CPU
		{F4403FD5-821B-4AA4-BEFF-388E188EDEE7}.Debug|Any CPU.Build.0 = Debug|Any CPU
		{F4403FD5-821B-4AA4-BEFF-388E188EDEE7}.Release|Any CPU.ActiveCfg = Release|Any CPU
		{F4403FD5-821B-4AA4-BEFF-388E188EDEE7}.Release|Any CPU.Build.0 = Release|Any CPU
		{D5391793-DACF-4B89-B414-7F737F33FAFD}.Debug|Any CPU.ActiveCfg = Debug|Any CPU
		{D5391793-DACF-4B89-B414-7F737F33FAFD}.Debug|Any CPU.Build.0 = Debug|Any CPU
		{D5391793-DACF-4B89-B414-7F737F33FAFD}.Release|Any CPU.ActiveCfg = Release|Any CPU
		{D5391793-DACF-4B89-B414-7F737F33FAFD}.Release|Any CPU.Build.0 = Release|Any CPU
		{BB5CEBE8-2570-40D6-87B3-A3B82BF7AB05}.Debug|Any CPU.ActiveCfg = Debug|Any CPU
		{BB5CEBE8-2570-40D6-87B3-A3B82BF7AB05}.Debug|Any CPU.Build.0 = Debug|Any CPU
		{BB5CEBE8-2570-40D6-87B3-A3B82BF7AB05}.Release|Any CPU.ActiveCfg = Release|Any CPU
		{BB5CEBE8-2570-40D6-87B3-A3B82BF7AB05}.Release|Any CPU.Build.0 = Release|Any CPU
		{19D9FE30-E8DA-42BF-BDAE-E35B7566CE93}.Debug|Any CPU.ActiveCfg = Debug|Any CPU
		{19D9FE30-E8DA-42BF-BDAE-E35B7566CE93}.Debug|Any CPU.Build.0 = Debug|Any CPU
		{19D9FE30-E8DA-42BF-BDAE-E35B7566CE93}.Release|Any CPU.ActiveCfg = Release|Any CPU
		{19D9FE30-E8DA-42BF-BDAE-E35B7566CE93}.Release|Any CPU.Build.0 = Release|Any CPU
		{AEF0984B-7827-4E92-93E7-0F62230A11AF}.Debug|Any CPU.ActiveCfg = Debug|Any CPU
		{AEF0984B-7827-4E92-93E7-0F62230A11AF}.Debug|Any CPU.Build.0 = Debug|Any CPU
		{AEF0984B-7827-4E92-93E7-0F62230A11AF}.Release|Any CPU.ActiveCfg = Release|Any CPU
		{AEF0984B-7827-4E92-93E7-0F62230A11AF}.Release|Any CPU.Build.0 = Release|Any CPU
		{41FFB910-2C73-43E2-AC9D-A767FE1E4335}.Debug|Any CPU.ActiveCfg = Debug|Any CPU
		{41FFB910-2C73-43E2-AC9D-A767FE1E4335}.Debug|Any CPU.Build.0 = Debug|Any CPU
		{41FFB910-2C73-43E2-AC9D-A767FE1E4335}.Release|Any CPU.ActiveCfg = Release|Any CPU
		{41FFB910-2C73-43E2-AC9D-A767FE1E4335}.Release|Any CPU.Build.0 = Release|Any CPU
		{5BE91F83-B28C-44DF-A67F-EC86E4906E48}.Debug|Any CPU.ActiveCfg = Debug|Any CPU
		{5BE91F83-B28C-44DF-A67F-EC86E4906E48}.Debug|Any CPU.Build.0 = Debug|Any CPU
		{5BE91F83-B28C-44DF-A67F-EC86E4906E48}.Release|Any CPU.ActiveCfg = Release|Any CPU
		{5BE91F83-B28C-44DF-A67F-EC86E4906E48}.Release|Any CPU.Build.0 = Release|Any CPU
		{09EB955C-DB66-4931-8412-A6F6462B88C9}.Debug|Any CPU.ActiveCfg = Debug|Any CPU
		{09EB955C-DB66-4931-8412-A6F6462B88C9}.Debug|Any CPU.Build.0 = Debug|Any CPU
		{09EB955C-DB66-4931-8412-A6F6462B88C9}.Release|Any CPU.ActiveCfg = Release|Any CPU
		{09EB955C-DB66-4931-8412-A6F6462B88C9}.Release|Any CPU.Build.0 = Release|Any CPU
		{49E0EC53-F960-49D2-A99B-78A00C19FDCC}.Debug|Any CPU.ActiveCfg = Debug|Any CPU
		{49E0EC53-F960-49D2-A99B-78A00C19FDCC}.Debug|Any CPU.Build.0 = Debug|Any CPU
		{49E0EC53-F960-49D2-A99B-78A00C19FDCC}.Release|Any CPU.ActiveCfg = Release|Any CPU
		{49E0EC53-F960-49D2-A99B-78A00C19FDCC}.Release|Any CPU.Build.0 = Release|Any CPU
		{240DC80C-C778-498C-8853-79941FAC1896}.Debug|Any CPU.ActiveCfg = Debug|Any CPU
		{240DC80C-C778-498C-8853-79941FAC1896}.Debug|Any CPU.Build.0 = Debug|Any CPU
		{240DC80C-C778-498C-8853-79941FAC1896}.Release|Any CPU.ActiveCfg = Release|Any CPU
		{240DC80C-C778-498C-8853-79941FAC1896}.Release|Any CPU.Build.0 = Release|Any CPU
		{32A65F59-D2A0-410F-AF85-6FF34F455E3A}.Debug|Any CPU.ActiveCfg = Debug|Any CPU
		{32A65F59-D2A0-410F-AF85-6FF34F455E3A}.Debug|Any CPU.Build.0 = Debug|Any CPU
		{32A65F59-D2A0-410F-AF85-6FF34F455E3A}.Release|Any CPU.ActiveCfg = Release|Any CPU
		{32A65F59-D2A0-410F-AF85-6FF34F455E3A}.Release|Any CPU.Build.0 = Release|Any CPU
	EndGlobalSection
	GlobalSection(SolutionProperties) = preSolution
		HideSolutionNode = FALSE
	EndGlobalSection
	GlobalSection(ExtensibilityGlobals) = postSolution
		SolutionGuid = {2A42E2DE-667E-49DA-A675-55821A4E0A05}
	EndGlobalSection
EndGlobal
