Microsoft Visual Studio Solution File, Format Version 12.00
# Visual Studio Version 17
VisualStudioVersion = 17.5.2.0
MinimumVisualStudioVersion = 10.0.40219.1
Project("{FAE04EC0-301F-11D3-BF4B-00C04F79EFBC}") = "session24_bt", "session24_bt.csproj", "{2AFBA7B3-1F4F-5740-89F5-E73748EE5DBF}"
EndProject
Global
	GlobalSection(SolutionConfigurationPlatforms) = preSolution
		Debug|Any CPU = Debug|Any CPU
		Release|Any CPU = Release|Any CPU
	EndGlobalSection
	GlobalSection(ProjectConfigurationPlatforms) = postSolution
		{2AFBA7B3-1F4F-5740-89F5-E73748EE5DBF}.Debug|Any CPU.ActiveCfg = Debug|Any CPU
		{2AFBA7B3-1F4F-5740-89F5-E73748EE5DBF}.Debug|Any CPU.Build.0 = Debug|Any CPU
		{2AFBA7B3-1F4F-5740-89F5-E73748EE5DBF}.Release|Any CPU.ActiveCfg = Release|Any CPU
		{2AFBA7B3-1F4F-5740-89F5-E73748EE5DBF}.Release|Any CPU.Build.0 = Release|Any CPU
	EndGlobalSection
	GlobalSection(SolutionProperties) = preSolution
		HideSolutionNode = FALSE
	EndGlobalSection
	GlobalSection(ExtensibilityGlobals) = postSolution
		SolutionGuid = {AF2E12D4-9B1C-4814-B1C6-463F036AED43}
	EndGlobalSection
EndGlobal
