Microsoft Visual Studio Solution File, Format Version 12.00
# Visual Studio Version 17
VisualStudioVersion = 17.5.2.0
MinimumVisualStudioVersion = 10.0.40219.1
Project("{FAE04EC0-301F-11D3-BF4B-00C04F79EFBC}") = "exercise-session27", "exercise-session27.csproj", "{CD6C57C5-6FEB-5C42-F518-26DBB90D997F}"
EndProject
Global
	GlobalSection(SolutionConfigurationPlatforms) = preSolution
		Debug|Any CPU = Debug|Any CPU
		Release|Any CPU = Release|Any CPU
	EndGlobalSection
	GlobalSection(ProjectConfigurationPlatforms) = postSolution
		{CD6C57C5-6FEB-5C42-F518-26DBB90D997F}.Debug|Any CPU.ActiveCfg = Debug|Any CPU
		{CD6C57C5-6FEB-5C42-F518-26DBB90D997F}.Debug|Any CPU.Build.0 = Debug|Any CPU
		{CD6C57C5-6FEB-5C42-F518-26DBB90D997F}.Release|Any CPU.ActiveCfg = Release|Any CPU
		{CD6C57C5-6FEB-5C42-F518-26DBB90D997F}.Release|Any CPU.Build.0 = Release|Any CPU
	EndGlobalSection
	GlobalSection(SolutionProperties) = preSolution
		HideSolutionNode = FALSE
	EndGlobalSection
	GlobalSection(ExtensibilityGlobals) = postSolution
		SolutionGuid = {639BF3E1-A14B-4C4F-B0D0-EE341F91A95A}
	EndGlobalSection
EndGlobal
