Microsoft Visual Studio Solution File, Format Version 12.00
# Visual Studio Version 16
VisualStudioVersion = 16.0.0.0
MinimumVisualStudioVersion = 16.0.0.0
Project("{9A19103F-16F7-4668-BE54-9A1E7A4F7556}") = "session32_signalR", "session32_signalR\session32_signalR.csproj", "{CAE25B1D-0A0B-480E-BB67-B034B71AA120}"
EndProject
Project("{9A19103F-16F7-4668-BE54-9A1E7A4F7556}") = "session32_signalR.Client", "session32_signalR.Client\session32_signalR.Client.csproj", "{F21407E9-1B8D-4DE4-8C2D-E8353AFB2F9E}"
EndProject
Global
	GlobalSection(SolutionConfigurationPlatforms) = preSolution
		Debug|Any CPU = Debug|Any CPU
		Debug|x64 = Debug|x64
		Debug|x86 = Debug|x86
		Release|Any CPU = Release|Any CPU
		Release|x64 = Release|x64
		Release|x86 = Release|x86
	EndGlobalSection
	GlobalSection(ProjectConfigurationPlatforms) = postSolution
		{F21407E9-1B8D-4DE4-8C2D-E8353AFB2F9E}.Debug|Any CPU.ActiveCfg = Debug|Any CPU
		{F21407E9-1B8D-4DE4-8C2D-E8353AFB2F9E}.Debug|Any CPU.Build.0 = Debug|Any CPU
		{F21407E9-1B8D-4DE4-8C2D-E8353AFB2F9E}.Debug|x64.ActiveCfg = Debug|Any CPU
		{F21407E9-1B8D-4DE4-8C2D-E8353AFB2F9E}.Debug|x64.Build.0 = Debug|Any CPU
		{F21407E9-1B8D-4DE4-8C2D-E8353AFB2F9E}.Debug|x86.ActiveCfg = Debug|Any CPU
		{F21407E9-1B8D-4DE4-8C2D-E8353AFB2F9E}.Debug|x86.Build.0 = Debug|Any CPU
		{F21407E9-1B8D-4DE4-8C2D-E8353AFB2F9E}.Release|Any CPU.ActiveCfg = Release|Any CPU
		{F21407E9-1B8D-4DE4-8C2D-E8353AFB2F9E}.Release|Any CPU.Build.0 = Release|Any CPU
		{F21407E9-1B8D-4DE4-8C2D-E8353AFB2F9E}.Release|x64.ActiveCfg = Release|Any CPU
		{F21407E9-1B8D-4DE4-8C2D-E8353AFB2F9E}.Release|x64.Build.0 = Release|Any CPU
		{F21407E9-1B8D-4DE4-8C2D-E8353AFB2F9E}.Release|x86.ActiveCfg = Release|Any CPU
		{F21407E9-1B8D-4DE4-8C2D-E8353AFB2F9E}.Release|x86.Build.0 = Release|Any CPU
		{CAE25B1D-0A0B-480E-BB67-B034B71AA120}.Debug|Any CPU.ActiveCfg = Debug|Any CPU
		{CAE25B1D-0A0B-480E-BB67-B034B71AA120}.Debug|Any CPU.Build.0 = Debug|Any CPU
		{CAE25B1D-0A0B-480E-BB67-B034B71AA120}.Debug|x64.ActiveCfg = Debug|Any CPU
		{CAE25B1D-0A0B-480E-BB67-B034B71AA120}.Debug|x64.Build.0 = Debug|Any CPU
		{CAE25B1D-0A0B-480E-BB67-B034B71AA120}.Debug|x86.ActiveCfg = Debug|Any CPU
		{CAE25B1D-0A0B-480E-BB67-B034B71AA120}.Debug|x86.Build.0 = Debug|Any CPU
		{CAE25B1D-0A0B-480E-BB67-B034B71AA120}.Release|Any CPU.ActiveCfg = Release|Any CPU
		{CAE25B1D-0A0B-480E-BB67-B034B71AA120}.Release|Any CPU.Build.0 = Release|Any CPU
		{CAE25B1D-0A0B-480E-BB67-B034B71AA120}.Release|x64.ActiveCfg = Release|Any CPU
		{CAE25B1D-0A0B-480E-BB67-B034B71AA120}.Release|x64.Build.0 = Release|Any CPU
		{CAE25B1D-0A0B-480E-BB67-B034B71AA120}.Release|x86.ActiveCfg = Release|Any CPU
		{CAE25B1D-0A0B-480E-BB67-B034B71AA120}.Release|x86.Build.0 = Release|Any CPU
	EndGlobalSection
	GlobalSection(SolutionProperties) = preSolution
		HideSolutionNode = FALSE
	EndGlobalSection
	GlobalSection(ExtensibilityGlobals) = postSolution
		SolutionGuid = {3FB4787F-71A0-4C9A-8B77-495A1FF498E2}
	EndGlobalSection
EndGlobal
