Microsoft Visual Studio Solution File, Format Version 12.00
# Visual Studio Version 17
VisualStudioVersion = 17.5.2.0
MinimumVisualStudioVersion = 10.0.40219.1
Project("{FAE04EC0-301F-11D3-BF4B-00C04F79EFBC}") = "session30", "session30.csproj", "{46183601-2EF9-DC20-F2AA-F86EE382B159}"
EndProject
Global
	GlobalSection(SolutionConfigurationPlatforms) = preSolution
		Debug|Any CPU = Debug|Any CPU
		Release|Any CPU = Release|Any CPU
	EndGlobalSection
	GlobalSection(ProjectConfigurationPlatforms) = postSolution
		{46183601-2EF9-DC20-F2AA-F86EE382B159}.Debug|Any CPU.ActiveCfg = Debug|Any CPU
		{46183601-2EF9-DC20-F2AA-F86EE382B159}.Debug|Any CPU.Build.0 = Debug|Any CPU
		{46183601-2EF9-DC20-F2AA-F86EE382B159}.Release|Any CPU.ActiveCfg = Release|Any CPU
		{46183601-2EF9-DC20-F2AA-F86EE382B159}.Release|Any CPU.Build.0 = Release|Any CPU
	EndGlobalSection
	GlobalSection(SolutionProperties) = preSolution
		HideSolutionNode = FALSE
	EndGlobalSection
	GlobalSection(ExtensibilityGlobals) = postSolution
		SolutionGuid = {35E47D5B-69B5-402C-AC0A-A4A31E750A54}
	EndGlobalSection
EndGlobal
